
Microsoft Visual Studio Solution File, Format Version 12.00
# Visual Studio Version 16
VisualStudioVersion = 16.0.33529.622
MinimumVisualStudioVersion = 10.0.40219.1
Project("{FAE04EC0-301F-11D3-BF4B-00C04F79EFBC}") = "eTickets", "eTickets\eTickets.csproj", "{6E9C0F33-7E80-40BD-84F8-4E346BE58014}"
EndProject
Global
	GlobalSection(SolutionConfigurationPlatforms) = preSolution
		Debug|Any CPU = Debug|Any CPU
		Release|Any CPU = Release|Any CPU
	EndGlobalSection
	GlobalSection(ProjectConfigurationPlatforms) = postSolution
		{6E9C0F33-7E80-40BD-84F8-4E346BE58014}.Debug|Any CPU.ActiveCfg = Debug|Any CPU
		{6E9C0F33-7E80-40BD-84F8-4E346BE58014}.Debug|Any CPU.Build.0 = Debug|Any CPU
		{6E9C0F33-7E80-40BD-84F8-4E346BE58014}.Release|Any CPU.ActiveCfg = Release|Any CPU
		{6E9C0F33-7E80-40BD-84F8-4E346BE58014}.Release|Any CPU.Build.0 = Release|Any CPU
	EndGlobalSection
	GlobalSection(SolutionProperties) = preSolution
		HideSolutionNode = FALSE
	EndGlobalSection
	GlobalSection(ExtensibilityGlobals) = postSolution
		SolutionGuid = {05603F48-4A65-44A2-BDA9-7920B180249D}
	EndGlobalSection
EndGlobal
